
Microsoft Visual Studio Solution File, Format Version 12.00
# Visual Studio Version 17
VisualStudioVersion = 17.11.35219.272
MinimumVisualStudioVersion = 10.0.40219.1
Project("{FAE04EC0-301F-11D3-BF4B-00C04F79EFBC}") = "HelloApp", "HelloApp.csproj", "{10631EF0-971C-4190-B2CA-20821E6D19A8}"
EndProject
Global
	GlobalSection(SolutionConfigurationPlatforms) = preSolution
		Debug|Any CPU = Debug|Any CPU
		Release|Any CPU = Release|Any CPU
	EndGlobalSection
	GlobalSection(ProjectConfigurationPlatforms) = postSolution
		{10631EF0-971C-4190-B2CA-20821E6D19A8}.Debug|Any CPU.ActiveCfg = Debug|Any CPU
		{10631EF0-971C-4190-B2CA-20821E6D19A8}.Debug|Any CPU.Build.0 = Debug|Any CPU
		{10631EF0-971C-4190-B2CA-20821E6D19A8}.Debug|Any CPU.Deploy.0 = Debug|Any CPU
		{10631EF0-971C-4190-B2CA-20821E6D19A8}.Release|Any CPU.ActiveCfg = Release|Any CPU
		{10631EF0-971C-4190-B2CA-20821E6D19A8}.Release|Any CPU.Build.0 = Release|Any CPU
		{10631EF0-971C-4190-B2CA-20821E6D19A8}.Release|Any CPU.Deploy.0 = Release|Any CPU
	EndGlobalSection
	GlobalSection(SolutionProperties) = preSolution
		HideSolutionNode = FALSE
	EndGlobalSection
	GlobalSection(ExtensibilityGlobals) = postSolution
		SolutionGuid = {0D0481FD-74BA-4EF8-87CB-D451A8DA1B24}
	EndGlobalSection
EndGlobal
